
Microsoft Visual Studio Solution File, Format Version 12.00
# Visual Studio Version 17
VisualStudioVersion = 17.14.36705.20 d17.14
MinimumVisualStudioVersion = 10.0.40219.1
Project("{FAE04EC0-301F-11D3-BF4B-00C04F79EFBC}") = "PROYEK AKHIR GASAL-KASIR MINI WARUNG PAK JONO-", "PROYEK AKHIR GASAL-KASIR MINI WARUNG PAK JONO-\PROYEK AKHIR GASAL-KASIR MINI WARUNG PAK JONO-.csproj", "{D3D51926-BD84-4DC8-9B2F-C5679E7EBBFA}"
EndProject
Global
	GlobalSection(SolutionConfigurationPlatforms) = preSolution
		Debug|Any CPU = Debug|Any CPU
		Release|Any CPU = Release|Any CPU
	EndGlobalSection
	GlobalSection(ProjectConfigurationPlatforms) = postSolution
		{D3D51926-BD84-4DC8-9B2F-C5679E7EBBFA}.Debug|Any CPU.ActiveCfg = Debug|Any CPU
		{D3D51926-BD84-4DC8-9B2F-C5679E7EBBFA}.Debug|Any CPU.Build.0 = Debug|Any CPU
		{D3D51926-BD84-4DC8-9B2F-C5679E7EBBFA}.Release|Any CPU.ActiveCfg = Release|Any CPU
		{D3D51926-BD84-4DC8-9B2F-C5679E7EBBFA}.Release|Any CPU.Build.0 = Release|Any CPU
	EndGlobalSection
	GlobalSection(SolutionProperties) = preSolution
		HideSolutionNode = FALSE
	EndGlobalSection
	GlobalSection(ExtensibilityGlobals) = postSolution
		SolutionGuid = {695486D2-DB27-46BB-93B5-9107D5F0438F}
	EndGlobalSection
EndGlobal
