
Microsoft Visual Studio Solution File, Format Version 12.00
# Visual Studio Version 17
VisualStudioVersion = 17.14.36705.20 d17.14
MinimumVisualStudioVersion = 10.0.40219.1
Project("{FAE04EC0-301F-11D3-BF4B-00C04F79EFBC}") = "tugas 7.2", "tugas 7.2\tugas 7.2.csproj", "{22DCE1B8-A1EB-4A1A-B4AC-EE05B45EBEA2}"
EndProject
Global
	GlobalSection(SolutionConfigurationPlatforms) = preSolution
		Debug|Any CPU = Debug|Any CPU
		Release|Any CPU = Release|Any CPU
	EndGlobalSection
	GlobalSection(ProjectConfigurationPlatforms) = postSolution
		{22DCE1B8-A1EB-4A1A-B4AC-EE05B45EBEA2}.Debug|Any CPU.ActiveCfg = Debug|Any CPU
		{22DCE1B8-A1EB-4A1A-B4AC-EE05B45EBEA2}.Debug|Any CPU.Build.0 = Debug|Any CPU
		{22DCE1B8-A1EB-4A1A-B4AC-EE05B45EBEA2}.Release|Any CPU.ActiveCfg = Release|Any CPU
		{22DCE1B8-A1EB-4A1A-B4AC-EE05B45EBEA2}.Release|Any CPU.Build.0 = Release|Any CPU
	EndGlobalSection
	GlobalSection(SolutionProperties) = preSolution
		HideSolutionNode = FALSE
	EndGlobalSection
	GlobalSection(ExtensibilityGlobals) = postSolution
		SolutionGuid = {AE890167-BF7B-4DEB-B4DE-D5D8D0D6C62C}
	EndGlobalSection
EndGlobal
