
Microsoft Visual Studio Solution File, Format Version 12.00
# Visual Studio Version 17
VisualStudioVersion = 17.14.36705.20 d17.14
MinimumVisualStudioVersion = 10.0.40219.1
Project("{FAE04EC0-301F-11D3-BF4B-00C04F79EFBC}") = "tugas 7.1", "tugas 7.1\tugas 7.1.csproj", "{7E7DE88E-FA8C-4192-9FEB-7E2649BD05F2}"
EndProject
Global
	GlobalSection(SolutionConfigurationPlatforms) = preSolution
		Debug|Any CPU = Debug|Any CPU
		Release|Any CPU = Release|Any CPU
	EndGlobalSection
	GlobalSection(ProjectConfigurationPlatforms) = postSolution
		{7E7DE88E-FA8C-4192-9FEB-7E2649BD05F2}.Debug|Any CPU.ActiveCfg = Debug|Any CPU
		{7E7DE88E-FA8C-4192-9FEB-7E2649BD05F2}.Debug|Any CPU.Build.0 = Debug|Any CPU
		{7E7DE88E-FA8C-4192-9FEB-7E2649BD05F2}.Release|Any CPU.ActiveCfg = Release|Any CPU
		{7E7DE88E-FA8C-4192-9FEB-7E2649BD05F2}.Release|Any CPU.Build.0 = Release|Any CPU
	EndGlobalSection
	GlobalSection(SolutionProperties) = preSolution
		HideSolutionNode = FALSE
	EndGlobalSection
	GlobalSection(ExtensibilityGlobals) = postSolution
		SolutionGuid = {5D792225-0B5F-4C8A-9B0F-A7166570D7D7}
	EndGlobalSection
EndGlobal
