
Microsoft Visual Studio Solution File, Format Version 12.00
# Visual Studio Version 17
VisualStudioVersion = 17.14.36705.20 d17.14
MinimumVisualStudioVersion = 10.0.40219.1
Project("{FAE04EC0-301F-11D3-BF4B-00C04F79EFBC}") = "kalkulator_siti fatimah putry_X PPLG1", "kalkulator_siti fatimah putry_X PPLG1\kalkulator_siti fatimah putry_X PPLG1.csproj", "{6545ADB0-2B45-4003-9F51-032391C35EE1}"
EndProject
Global
	GlobalSection(SolutionConfigurationPlatforms) = preSolution
		Debug|Any CPU = Debug|Any CPU
		Release|Any CPU = Release|Any CPU
	EndGlobalSection
	GlobalSection(ProjectConfigurationPlatforms) = postSolution
		{6545ADB0-2B45-4003-9F51-032391C35EE1}.Debug|Any CPU.ActiveCfg = Debug|Any CPU
		{6545ADB0-2B45-4003-9F51-032391C35EE1}.Debug|Any CPU.Build.0 = Debug|Any CPU
		{6545ADB0-2B45-4003-9F51-032391C35EE1}.Release|Any CPU.ActiveCfg = Release|Any CPU
		{6545ADB0-2B45-4003-9F51-032391C35EE1}.Release|Any CPU.Build.0 = Release|Any CPU
	EndGlobalSection
	GlobalSection(SolutionProperties) = preSolution
		HideSolutionNode = FALSE
	EndGlobalSection
	GlobalSection(ExtensibilityGlobals) = postSolution
		SolutionGuid = {BA7568CB-8390-4277-B08F-ECA6C46953F7}
	EndGlobalSection
EndGlobal
